#MicroXplorer Configuration settings - do not modify
CAN1.BS1=CAN_BS1_8TQ
CAN1.BS2=CAN_BS2_1TQ
CAN1.CalculateTimeBit=4000
CAN1.CalculateTimeQuantum=400.0
CAN1.IPParameters=CalculateTimeQuantum,CalculateTimeBit,BS1,BS2,Prescaler,Mode
CAN1.Mode=CAN_MODE_LOOPBACK
CAN1.Prescaler=18
File.Version=5
KeepUserPlacement=false
Mcu.Family=STM32F4
Mcu.IP0=CAN1
Mcu.IP1=NVIC
Mcu.IP2=RCC
Mcu.IPNb=3
Mcu.Name=STM32F446R(C-E)Tx
Mcu.Package=LQFP64
Mcu.Pin0=PC13
Mcu.Pin1=PH0-OSC_IN
Mcu.Pin2=PH1-OSC_OUT
Mcu.Pin3=PC9
Mcu.Pin4=PB8
Mcu.Pin5=PB9
Mcu.PinsNb=6
Mcu.UserConstants=
Mcu.UserName=STM32F446RETx
MxCube.Version=4.9.0
MxDb.Version=DB.4.0.90
NVIC.PriorityGroup=NVIC_PRIORITYGROUP_4
NVIC.SysTick_IRQn=true\:0\:0\:false
PB8.Locked=true
PB8.Mode=Master
PB8.Signal=CAN1_RX
PB9.Locked=true
PB9.Mode=Master
PB9.Signal=CAN1_TX
PC13.Locked=true
PC13.Signal=GPIO_Output
PC9.Mode=Clock-out-2
PC9.Signal=RCC_MCO_2
PCC.Checker=false
PCC.Line=STM32F446
PCC.MCU=STM32F446R(C-E)Tx
PCC.MXVersion=4.9.0
PCC.PartNumber=STM32F446RETx
PCC.Seq0=0
PCC.Series=STM32F4
PCC.Temperature=25
PCC.Vdd=null
PH0-OSC_IN.Mode=HSE-External-Oscillator
PH0-OSC_IN.Signal=RCC_OSC_IN
PH1-OSC_OUT.Mode=HSE-External-Oscillator
PH1-OSC_OUT.Signal=RCC_OSC_OUT
ProjectManager.AskForMigrate=true
ProjectManager.BackupPrevious=false
ProjectManager.CompilerOptimize=2
ProjectManager.ComputerToolchain=false
ProjectManager.CoupleFile=false
ProjectManager.DeletePrevious=true
ProjectManager.DeviceId=STM32F446RETx
ProjectManager.FirmwarePackage=STM32Cube FW_F4 V1.7.0
ProjectManager.FreePins=false
ProjectManager.HalAssertFull=false
ProjectManager.KeepUserCode=true
ProjectManager.LastFirmware=true
ProjectManager.LibraryCopy=0
ProjectManager.ProjectBuild=false
ProjectManager.ProjectFileName=HSE_CAN2.ioc
ProjectManager.ProjectName=HSE_CAN2
ProjectManager.TargetToolchain=MDK-ARM V5
ProjectManager.ToolChainLocation=
RCC.AHBFreq_Value=180000000
RCC.APB1CLKDivider=RCC_HCLK_DIV4
RCC.APB1Freq_Value=45000000
RCC.APB1TimFreq_Value=90000000
RCC.APB2CLKDivider=RCC_HCLK_DIV2
RCC.APB2Freq_Value=90000000
RCC.APB2TimFreq_Value=180000000
RCC.CECFreq_Value=32786.88524590164
RCC.CortexFreq_Value=180000000
RCC.FCLKCortexFreq_Value=180000000
RCC.FMPI2C1Freq_Value=45000000
RCC.FamilyName=M
RCC.HCLKFreq_Value=180000000
RCC.HSE_VALUE=10000000
RCC.I2S1Freq_Value=60000000
RCC.I2S2Freq_Value=60000000
RCC.IPParameters=FamilyName,CECFreq_Value,VCOInputFreq_Value,VCOOutputFreq_Value,PLLCLKFreq_Value,PLLQCLKFreq_Value,USBFreq_Value,PLLRCLKFreq_Value,VCOSAIInputFreq_Value,VCOSAIOutputFreq_Value,PLLSAIPCLKFreq_Value,PLLSAIQCLKFreq_Value,SAIBFreq_Value,SAIAFreq_Value,VCOI2SInputFreq_Value,VCOI2SOutputFreq_Value,PLLI2SPCLKFreq_Value,PLLI2SQCLKFreq_Value,PLLI2SRCLKFreq_Value,CortexFreq_Value,SDIOFreq_Value,HSE_VALUE,PLLSourceVirtual,SPDIFRXFreq_Value,PLLSAIoutputFreq_Value,PLLI2SoutputFreq_Value,I2S1Freq_Value,I2S2Freq_Value,PLLM,PLLN,SYSCLKSource,HCLKFreq_Value,AHBFreq_Value,FCLKCortexFreq_Value,APB1Freq_Value,APB1TimFreq_Value,FMPI2C1Freq_Value,APB2Freq_Value,APB2TimFreq_Value,PWRFreq_Value,SYSCLKFreq_VALUE,MCO2PinFreq_Value,APB1CLKDivider,APB2CLKDivider,RCC_MCODiv2
RCC.MCO2PinFreq_Value=36000000
RCC.PLLCLKFreq_Value=180000000
RCC.PLLI2SPCLKFreq_Value=60000000
RCC.PLLI2SQCLKFreq_Value=60000000
RCC.PLLI2SRCLKFreq_Value=60000000
RCC.PLLI2SoutputFreq_Value=60000000
RCC.PLLM=5
RCC.PLLN=180
RCC.PLLQCLKFreq_Value=180000000
RCC.PLLRCLKFreq_Value=180000000
RCC.PLLSAIPCLKFreq_Value=60000000
RCC.PLLSAIQCLKFreq_Value=60000000
RCC.PLLSAIoutputFreq_Value=60000000
RCC.PLLSourceVirtual=RCC_PLLSOURCE_HSE
RCC.PWRFreq_Value=180000000
RCC.RCC_MCODiv2=RCC_MCODIV_5
RCC.SAIAFreq_Value=60000000
RCC.SAIBFreq_Value=60000000
RCC.SDIOFreq_Value=180000000
RCC.SPDIFRXFreq_Value=180000000
RCC.SYSCLKFreq_VALUE=180000000
RCC.SYSCLKSource=RCC_SYSCLKSOURCE_PLLCLK
RCC.USBFreq_Value=180000000
RCC.VCOI2SInputFreq_Value=625000
RCC.VCOI2SOutputFreq_Value=120000000
RCC.VCOInputFreq_Value=2000000
RCC.VCOOutputFreq_Value=360000000
RCC.VCOSAIInputFreq_Value=625000
RCC.VCOSAIOutputFreq_Value=120000000
board=HSE_CAN2
